lockfileVersion: 5.3

specifiers:
  acorn: ^8.6.0
  acorn-bigint: ^1.0.0
  acorn-jsx: ^5.3.2

dependencies:
  acorn: registry.npmmirror.com/acorn/8.6.0
  acorn-bigint: registry.npmmirror.com/acorn-bigint/1.0.0_acorn@8.6.0
  acorn-jsx: registry.nlark.com/acorn-jsx/5.3.2_acorn@8.6.0

packages:

  registry.nlark.com/acorn-jsx/5.3.2_acorn@8.6.0:
    resolution: {integrity: sha1-ftW7VZCLOy8bxVxq8WU7rafweTc=, registry: https://registry.npm.taobao.org/, tarball: https://registry.nlark.com/acorn-jsx/download/acorn-jsx-5.3.2.tgz}
    id: registry.nlark.com/acorn-jsx/5.3.2
    name: acorn-jsx
    version: 5.3.2
    peerDependencies:
      acorn: ^6.0.0 || ^7.0.0 || ^8.0.0
    dependencies:
      acorn: registry.npmmirror.com/acorn/8.6.0
    dev: false

  registry.npmmirror.com/acorn-bigint/1.0.0_acorn@8.6.0:
    resolution: {integrity: sha1-cA1frguVQRx0c0hklWJwiEtzax8=, registry: https://registry.npm.taobao.org/, tarball: https://registry.npmmirror.com/acorn-bigint/download/acorn-bigint-1.0.0.tgz}
    id: registry.npmmirror.com/acorn-bigint/1.0.0
    name: acorn-bigint
    version: 1.0.0
    engines: {node: '>=4.8.2'}
    deprecated: acorn>=6.2 supports bigint
    peerDependencies:
      acorn: ^6.0.0
    dependencies:
      acorn: registry.npmmirror.com/acorn/8.6.0
    dev: false

  registry.npmmirror.com/acorn/8.6.0:
    resolution: {integrity: sha512-U1riIR+lBSNi3IbxtaHOIKdH8sLFv3NYfNv8sg7ZsNhcfl4HF2++BfqqrNAxoCLQW1iiylOj76ecnaUxz+z9yw==, registry: https://registry.npm.taobao.org/, tarball: https://registry.npmmirror.com/acorn/download/acorn-8.6.0.tgz?cache=0&sync_timestamp=1637227109049&other_urls=https%3A%2F%2Fregistry.npmmirror.com%2Facorn%2Fdownload%2Facorn-8.6.0.tgz}
    name: acorn
    version: 8.6.0
    engines: {node: '>=0.4.0'}
    hasBin: true
    dev: false
